
Microsoft Visual Studio Solution File, Format Version 12.00
# Visual Studio Version 17
VisualStudioVersion = 17.11.35312.102
MinimumVisualStudioVersion = 10.0.40219.1
Project("{2150E333-8FDC-42A3-9474-1A3956D46DE8}") = "Solution Items", "Solution Items", "{6F72D2FC-3AC9-451F-B6B9-907E32B23B5C}"
	ProjectSection(SolutionItems) = preProject
		.github\workflows\dotnet.yml = .github\workflows\dotnet.yml
		importSource.cmd = importSource.cmd
		projscan.json = projscan.json
		README.md = README.md
		version.json = version.json
	EndProjectSection
EndProject
Project("{9A19103F-16F7-4668-BE54-9A1E7A4F7556}") = "DTOMaker.Core", "DTOMaker.Core\DTOMaker.Core.csproj", "{69809F37-28A0-41EF-AB68-B33176CF28D4}"
EndProject
Project("{9A19103F-16F7-4668-BE54-9A1E7A4F7556}") = "DTOMaker.Core.Tests", "DTOMaker.Core.Tests\DTOMaker.Core.Tests.csproj", "{137FC234-FB54-4410-904B-26581F95E075}"
EndProject
Project("{9A19103F-16F7-4668-BE54-9A1E7A4F7556}") = "DTOMaker.MemBlocks", "DTOMaker.MemBlocks\DTOMaker.MemBlocks.csproj", "{2B9832B1-EC5B-4262-8D96-B799DB42478A}"
EndProject
Project("{9A19103F-16F7-4668-BE54-9A1E7A4F7556}") = "DTOMaker.MemBlocks.Tests", "DTOMaker.MemBlocks.Tests\DTOMaker.MemBlocks.Tests.csproj", "{58E1A5EC-E517-45B9-BAED-1C32D01613B6}"
EndProject
Project("{FAE04EC0-301F-11D3-BF4B-00C04F79EFBC}") = "Sandpit", "Sandpit\Sandpit.csproj", "{E8302D32-41F1-46F3-BB2A-92D89EE915CA}"
EndProject
Global
	GlobalSection(SolutionConfigurationPlatforms) = preSolution
		Debug|Any CPU = Debug|Any CPU
		Release|Any CPU = Release|Any CPU
	EndGlobalSection
	GlobalSection(ProjectConfigurationPlatforms) = postSolution
		{69809F37-28A0-41EF-AB68-B33176CF28D4}.Debug|Any CPU.ActiveCfg = Debug|Any CPU
		{69809F37-28A0-41EF-AB68-B33176CF28D4}.Debug|Any CPU.Build.0 = Debug|Any CPU
		{69809F37-28A0-41EF-AB68-B33176CF28D4}.Release|Any CPU.ActiveCfg = Release|Any CPU
		{69809F37-28A0-41EF-AB68-B33176CF28D4}.Release|Any CPU.Build.0 = Release|Any CPU
		{137FC234-FB54-4410-904B-26581F95E075}.Debug|Any CPU.ActiveCfg = Debug|Any CPU
		{137FC234-FB54-4410-904B-26581F95E075}.Debug|Any CPU.Build.0 = Debug|Any CPU
		{137FC234-FB54-4410-904B-26581F95E075}.Release|Any CPU.ActiveCfg = Release|Any CPU
		{137FC234-FB54-4410-904B-26581F95E075}.Release|Any CPU.Build.0 = Release|Any CPU
		{2B9832B1-EC5B-4262-8D96-B799DB42478A}.Debug|Any CPU.ActiveCfg = Debug|Any CPU
		{2B9832B1-EC5B-4262-8D96-B799DB42478A}.Debug|Any CPU.Build.0 = Debug|Any CPU
		{2B9832B1-EC5B-4262-8D96-B799DB42478A}.Release|Any CPU.ActiveCfg = Release|Any CPU
		{2B9832B1-EC5B-4262-8D96-B799DB42478A}.Release|Any CPU.Build.0 = Release|Any CPU
		{58E1A5EC-E517-45B9-BAED-1C32D01613B6}.Debug|Any CPU.ActiveCfg = Debug|Any CPU
		{58E1A5EC-E517-45B9-BAED-1C32D01613B6}.Debug|Any CPU.Build.0 = Debug|Any CPU
		{58E1A5EC-E517-45B9-BAED-1C32D01613B6}.Release|Any CPU.ActiveCfg = Release|Any CPU
		{58E1A5EC-E517-45B9-BAED-1C32D01613B6}.Release|Any CPU.Build.0 = Release|Any CPU
		{E8302D32-41F1-46F3-BB2A-92D89EE915CA}.Debug|Any CPU.ActiveCfg = Debug|Any CPU
		{E8302D32-41F1-46F3-BB2A-92D89EE915CA}.Debug|Any CPU.Build.0 = Debug|Any CPU
		{E8302D32-41F1-46F3-BB2A-92D89EE915CA}.Release|Any CPU.ActiveCfg = Release|Any CPU
		{E8302D32-41F1-46F3-BB2A-92D89EE915CA}.Release|Any CPU.Build.0 = Release|Any CPU
	EndGlobalSection
	GlobalSection(SolutionProperties) = preSolution
		HideSolutionNode = FALSE
	EndGlobalSection
	GlobalSection(ExtensibilityGlobals) = postSolution
		SolutionGuid = {2C984986-C2C9-4136-A2D4-1A5FE9BDF8F0}
	EndGlobalSection
EndGlobal
